# THIS IS AN AUTOGENERATED FILE. DO NOT EDIT THIS FILE DIRECTLY.
# yarn lockfile v1


"@austinburns/type-utils@^1.0.0":
  version "1.0.0"
  resolved "https://registry.yarnpkg.com/@austinburns/type-utils/-/type-utils-1.0.0.tgz#9866d523cba6633f9cd00949940e9e2a3a1a6038"
  integrity sha512-B0IV9LGBn9xoLCN/RciFT18xkAqeJNc4G7+fjqO2BqjZ5WV8sT6656nBRl2wjHANNCiiKlJDlT0D6D4rrCGGSQ==
